
Microsoft Visual Studio Solution File, Format Version 12.00
# Visual Studio Version 17
VisualStudioVersion = 17.7.34003.232
MinimumVisualStudioVersion = 10.0.40219.1
Project("{FAE04EC0-301F-11D3-BF4B-00C04F79EFBC}") = "ecommerce", "ecommerce.csproj", "{D4EF0DE3-464F-456B-9FB6-75F34AF34D1A}"
EndProject
Global
	GlobalSection(SolutionConfigurationPlatforms) = preSolution
		Debug|Any CPU = Debug|Any CPU
		Release|Any CPU = Release|Any CPU
	EndGlobalSection
	GlobalSection(ProjectConfigurationPlatforms) = postSolution
		{D4EF0DE3-464F-456B-9FB6-75F34AF34D1A}.Debug|Any CPU.ActiveCfg = Debug|Any CPU
		{D4EF0DE3-464F-456B-9FB6-75F34AF34D1A}.Debug|Any CPU.Build.0 = Debug|Any CPU
		{D4EF0DE3-464F-456B-9FB6-75F34AF34D1A}.Release|Any CPU.ActiveCfg = Release|Any CPU
		{D4EF0DE3-464F-456B-9FB6-75F34AF34D1A}.Release|Any CPU.Build.0 = Release|Any CPU
	EndGlobalSection
	GlobalSection(SolutionProperties) = preSolution
		HideSolutionNode = FALSE
	EndGlobalSection
	GlobalSection(ExtensibilityGlobals) = postSolution
		SolutionGuid = {2A6FCF4C-E60F-483F-AF21-CC8E47D6ACBC}
	EndGlobalSection
EndGlobal
